// !$*UTF8*$!
{
	archiveVersion = 1;
	classes = {
	};
	objectVersion = 46;
	objects = {

/* Begin PBXBuildFile section */
		9A05A6A11AD5BAFA00EE2651 /* MainViewController.m in Sources */ = {isa = PBXBuildFile; fileRef = 9A05A6A01AD5BAFA00EE2651 /* MainViewController.m */; };
		9A05A6A51AD5BC2200EE2651 /* AutocompleteTextfield.swift in Sources */ = {isa = PBXBuildFile; fileRef = 9A05A6A41AD5BC2200EE2651 /* AutocompleteTextfield.swift */; };
		9A20AA731A55E97B00BB4DEC /* main.m in Sources */ = {isa = PBXBuildFile; fileRef = 9A20AA721A55E97B00BB4DEC /* main.m */; };
		9A20AA761A55E97B00BB4DEC /* AppDelegate.m in Sources */ = {isa = PBXBuildFile; fileRef = 9A20AA751A55E97B00BB4DEC /* AppDelegate.m */; };
		9A20AA7E1A55E97B00BB4DEC /* Images.xcassets in Resources */ = {isa = PBXBuildFile; fileRef = 9A20AA7D1A55E97B00BB4DEC /* Images.xcassets */; };
		9A20AA811A55E97B00BB4DEC /* LaunchScreen.xib in Resources */ = {isa = PBXBuildFile; fileRef = 9A20AA7F1A55E97B00BB4DEC /* LaunchScreen.xib */; };
		9A3157A51ADAD9B2006FB9D8 /* Interface.storyboard in Resources */ = {isa = PBXBuildFile; fileRef = 9A3157A31ADAD9B2006FB9D8 /* Interface.storyboard */; };
		9A3157A91ADAF7D9006FB9D8 /* MainNavigationController.m in Sources */ = {isa = PBXBuildFile; fileRef = 9A3157A81ADAF7D9006FB9D8 /* MainNavigationController.m */; };
		9A3157AC1ADB14E6006FB9D8 /* FavouriteViewController.m in Sources */ = {isa = PBXBuildFile; fileRef = 9A3157AB1ADB14E6006FB9D8 /* FavouriteViewController.m */; };
		9A3157AF1ADB1E0A006FB9D8 /* Favourite.m in Sources */ = {isa = PBXBuildFile; fileRef = 9A3157AE1ADB1E0A006FB9D8 /* Favourite.m */; };
		9A3157B21ADC6CCB006FB9D8 /* NSUserDefaults+Codable.m in Sources */ = {isa = PBXBuildFile; fileRef = 9A3157B11ADC6CCB006FB9D8 /* NSUserDefaults+Codable.m */; };
		9A33BECE1ADDBB65005D6440 /* FavouritesInterfaceController.m in Sources */ = {isa = PBXBuildFile; fileRef = 9A33BECD1ADDBB65005D6440 /* FavouritesInterfaceController.m */; };
		9A33BED11ADDBB77005D6440 /* FavouritesRowController.m in Sources */ = {isa = PBXBuildFile; fileRef = 9A33BED01ADDBB77005D6440 /* FavouritesRowController.m */; };
		9A33BED21ADDBEE3005D6440 /* NSUserDefaults+Codable.m in Sources */ = {isa = PBXBuildFile; fileRef = 9A3157B11ADC6CCB006FB9D8 /* NSUserDefaults+Codable.m */; };
		9A33BED31ADDBEE7005D6440 /* Station.m in Sources */ = {isa = PBXBuildFile; fileRef = 9A5AB0E61AD5DC6100F52D75 /* Station.m */; };
		9A33BED41ADDBEE9005D6440 /* Favourite.m in Sources */ = {isa = PBXBuildFile; fileRef = 9A3157AE1ADB1E0A006FB9D8 /* Favourite.m */; };
		9A5AB0E71AD5DC6100F52D75 /* Station.m in Sources */ = {isa = PBXBuildFile; fileRef = 9A5AB0E61AD5DC6100F52D75 /* Station.m */; };
		9A984EFC1ADEFC040038D36A /* Localizable.strings in Resources */ = {isa = PBXBuildFile; fileRef = 9A984F001ADEFC040038D36A /* Localizable.strings */; };
		9A984EFD1ADEFC040038D36A /* Localizable.strings in Resources */ = {isa = PBXBuildFile; fileRef = 9A984F001ADEFC040038D36A /* Localizable.strings */; };
		9A984EFE1ADEFC040038D36A /* Localizable.strings in Resources */ = {isa = PBXBuildFile; fileRef = 9A984F001ADEFC040038D36A /* Localizable.strings */; };
		9AACF73E1ADAD76C00EEAB18 /* AppleWatchSBB WatchKit App.app in Resources */ = {isa = PBXBuildFile; fileRef = 9AACF73D1ADAD76B00EEAB18 /* AppleWatchSBB WatchKit App.app */; };
		9AACF7481ADAD76C00EEAB18 /* Images.xcassets in Resources */ = {isa = PBXBuildFile; fileRef = 9AACF7471ADAD76C00EEAB18 /* Images.xcassets */; };
		9AACF74B1ADAD76C00EEAB18 /* AppleWatchSBB WatchKit Extension.appex in Embed App Extensions */ = {isa = PBXBuildFile; fileRef = 9AACF7321ADAD76B00EEAB18 /* AppleWatchSBB WatchKit Extension.appex */; settings = {ATTRIBUTES = (RemoveHeadersOnCopy, ); }; };
		9AACF7961ADAD7E400EEAB18 /* ConnectionDetailInterfaceController.m in Sources */ = {isa = PBXBuildFile; fileRef = 9AACF7761ADAD7E400EEAB18 /* ConnectionDetailInterfaceController.m */; };
		9AACF7971ADAD7E400EEAB18 /* ConnectionDetailRowController.m in Sources */ = {isa = PBXBuildFile; fileRef = 9AACF7781ADAD7E400EEAB18 /* ConnectionDetailRowController.m */; };
		9AACF7981ADAD7E400EEAB18 /* ConnectionsInterfaceController.m in Sources */ = {isa = PBXBuildFile; fileRef = 9AACF77B1ADAD7E400EEAB18 /* ConnectionsInterfaceController.m */; };
		9AACF7991ADAD7E400EEAB18 /* ConnectionsRowController.m in Sources */ = {isa = PBXBuildFile; fileRef = 9AACF77D1ADAD7E400EEAB18 /* ConnectionsRowController.m */; };
		9AACF79A1ADAD7E400EEAB18 /* DeparturesInterfaceController.m in Sources */ = {isa = PBXBuildFile; fileRef = 9AACF7801ADAD7E400EEAB18 /* DeparturesInterfaceController.m */; };
		9AACF79B1ADAD7E400EEAB18 /* DeparturesRowController.m in Sources */ = {isa = PBXBuildFile; fileRef = 9AACF7821ADAD7E400EEAB18 /* DeparturesRowController.m */; };
		9AACF79C1ADAD7E400EEAB18 /* IconHelper.m in Sources */ = {isa = PBXBuildFile; fileRef = 9AACF7851ADAD7E400EEAB18 /* IconHelper.m */; };
		9AACF79D1ADAD7E400EEAB18 /* MainInterfaceController.m in Sources */ = {isa = PBXBuildFile; fileRef = 9AACF7881ADAD7E400EEAB18 /* MainInterfaceController.m */; };
		9AACF79E1ADAD7E400EEAB18 /* MapInterfaceController.m in Sources */ = {isa = PBXBuildFile; fileRef = 9AACF78B1ADAD7E400EEAB18 /* MapInterfaceController.m */; };
		9AACF79F1ADAD7E400EEAB18 /* StationsInterfaceController.m in Sources */ = {isa = PBXBuildFile; fileRef = 9AACF78E1ADAD7E400EEAB18 /* StationsInterfaceController.m */; };
		9AACF7A01ADAD7E400EEAB18 /* StationsRowController.m in Sources */ = {isa = PBXBuildFile; fileRef = 9AACF7901ADAD7E400EEAB18 /* StationsRowController.m */; };
		9AACF7A11ADAD7E400EEAB18 /* StopsInterfaceController.m in Sources */ = {isa = PBXBuildFile; fileRef = 9AACF7931ADAD7E400EEAB18 /* StopsInterfaceController.m */; };
		9AACF7A21ADAD7E400EEAB18 /* StopsRowController.m in Sources */ = {isa = PBXBuildFile; fileRef = 9AACF7951ADAD7E400EEAB18 /* StopsRowController.m */; };
		9AACF7A41ADAD7F100EEAB18 /* Images.xcassets in Resources */ = {isa = PBXBuildFile; fileRef = 9AACF7A31ADAD7F100EEAB18 /* Images.xcassets */; };
		ACDEB86B46CD1F39E1CB0F81 /* libPods.a in Frameworks */ = {isa = PBXBuildFile; fileRef = DFF5C617F75E0FF7A7F97C31 /* libPods.a */; };
/* End PBXBuildFile section */

/* Begin PBXContainerItemProxy section */
		9AACF73F1ADAD76C00EEAB18 /* PBXContainerItemProxy */ = {
			isa = PBXContainerItemProxy;
			containerPortal = 9A20AA651A55E97B00BB4DEC /* Project object */;
			proxyType = 1;
			remoteGlobalIDString = 9AACF73C1ADAD76B00EEAB18;
			remoteInfo = "AppleWatchSBB WatchKit App";
		};
		9AACF7491ADAD76C00EEAB18 /* PBXContainerItemProxy */ = {
			isa = PBXContainerItemProxy;
			containerPortal = 9A20AA651A55E97B00BB4DEC /* Project object */;
			proxyType = 1;
			remoteGlobalIDString = 9AACF7311ADAD76B00EEAB18;
			remoteInfo = "AppleWatchSBB WatchKit Extension";
		};
/* End PBXContainerItemProxy section */

/* Begin PBXCopyFilesBuildPhase section */
		9AB381E31A55ED4E00AB8AD0 /* Embed App Extensions */ = {
			isa = PBXCopyFilesBuildPhase;
			buildActionMask = 2147483647;
			dstPath = "";
			dstSubfolderSpec = 13;
			files = (
				9AACF74B1ADAD76C00EEAB18 /* AppleWatchSBB WatchKit Extension.appex in Embed App Extensions */,
			);
			name = "Embed App Extensions";
			runOnlyForDeploymentPostprocessing = 0;
		};
/* End PBXCopyFilesBuildPhase section */

/* Begin PBXFileReference section */
		4FEDAD7306539F28AF6C9DC3 /* Pods.debug.xcconfig */ = {isa = PBXFileReference; includeInIndex = 1; lastKnownFileType = text.xcconfig; name = Pods.debug.xcconfig; path = "Pods/Target Support Files/Pods/Pods.debug.xcconfig"; sourceTree = "<group>"; };
		9A02961C1ADAD82900C89BC9 /* Info.plist */ = {isa = PBXFileReference; fileEncoding = 4; lastKnownFileType = text.plist.xml; path = Info.plist; sourceTree = "<group>"; };
		9A05A69F1AD5BAFA00EE2651 /* MainViewController.h */ = {isa = PBXFileReference; fileEncoding = 4; lastKnownFileType = sourcecode.c.h; path = MainViewController.h; sourceTree = "<group>"; };
		9A05A6A01AD5BAFA00EE2651 /* MainViewController.m */ = {isa = PBXFileReference; fileEncoding = 4; lastKnownFileType = sourcecode.c.objc; path = MainViewController.m; sourceTree = "<group>"; };
		9A05A6A21AD5BB2500EE2651 /* AppleWatchSBB-Prefix.pch */ = {isa = PBXFileReference; lastKnownFileType = sourcecode.c.h; path = "AppleWatchSBB-Prefix.pch"; sourceTree = "<group>"; };
		9A05A6A41AD5BC2200EE2651 /* AutocompleteTextfield.swift */ = {isa = PBXFileReference; fileEncoding = 4; lastKnownFileType = sourcecode.swift; path = AutocompleteTextfield.swift; sourceTree = "<group>"; };
		9A05A6A61AD5BDEE00EE2651 /* SwiftBridging.h */ = {isa = PBXFileReference; lastKnownFileType = sourcecode.c.h; path = SwiftBridging.h; sourceTree = "<group>"; };
		9A20AA6D1A55E97B00BB4DEC /* AppleWatchSBB.app */ = {isa = PBXFileReference; explicitFileType = wrapper.application; includeInIndex = 0; path = AppleWatchSBB.app; sourceTree = BUILT_PRODUCTS_DIR; };
		9A20AA711A55E97B00BB4DEC /* Info.plist */ = {isa = PBXFileReference; lastKnownFileType = text.plist.xml; path = Info.plist; sourceTree = "<group>"; };
		9A20AA721A55E97B00BB4DEC /* main.m */ = {isa = PBXFileReference; lastKnownFileType = sourcecode.c.objc; path = main.m; sourceTree = "<group>"; };
		9A20AA741A55E97B00BB4DEC /* AppDelegate.h */ = {isa = PBXFileReference; lastKnownFileType = sourcecode.c.h; path = AppDelegate.h; sourceTree = "<group>"; };
		9A20AA751A55E97B00BB4DEC /* AppDelegate.m */ = {isa = PBXFileReference; lastKnownFileType = sourcecode.c.objc; path = AppDelegate.m; sourceTree = "<group>"; };
		9A20AA7D1A55E97B00BB4DEC /* Images.xcassets */ = {isa = PBXFileReference; lastKnownFileType = folder.assetcatalog; path = Images.xcassets; sourceTree = "<group>"; };
		9A20AA801A55E97B00BB4DEC /* Base */ = {isa = PBXFileReference; lastKnownFileType = file.xib; name = Base; path = Base.lproj/LaunchScreen.xib; sourceTree = "<group>"; };
		9A3157A41ADAD9B2006FB9D8 /* Base */ = {isa = PBXFileReference; lastKnownFileType = file.storyboard; name = Base; path = Base.lproj/Interface.storyboard; sourceTree = "<group>"; };
		9A3157A61ADADA45006FB9D8 /* AppleWatchSBB WatchKit Extension.entitlements */ = {isa = PBXFileReference; lastKnownFileType = text.xml; path = "AppleWatchSBB WatchKit Extension.entitlements"; sourceTree = "<group>"; };
		9A3157A71ADAF7D9006FB9D8 /* MainNavigationController.h */ = {isa = PBXFileReference; fileEncoding = 4; lastKnownFileType = sourcecode.c.h; path = MainNavigationController.h; sourceTree = "<group>"; };
		9A3157A81ADAF7D9006FB9D8 /* MainNavigationController.m */ = {isa = PBXFileReference; fileEncoding = 4; lastKnownFileType = sourcecode.c.objc; path = MainNavigationController.m; sourceTree = "<group>"; };
		9A3157AA1ADB14E6006FB9D8 /* FavouriteViewController.h */ = {isa = PBXFileReference; fileEncoding = 4; lastKnownFileType = sourcecode.c.h; path = FavouriteViewController.h; sourceTree = "<group>"; };
		9A3157AB1ADB14E6006FB9D8 /* FavouriteViewController.m */ = {isa = PBXFileReference; fileEncoding = 4; lastKnownFileType = sourcecode.c.objc; path = FavouriteViewController.m; sourceTree = "<group>"; };
		9A3157AD1ADB1E0A006FB9D8 /* Favourite.h */ = {isa = PBXFileReference; fileEncoding = 4; lastKnownFileType = sourcecode.c.h; path = Favourite.h; sourceTree = "<group>"; };
		9A3157AE1ADB1E0A006FB9D8 /* Favourite.m */ = {isa = PBXFileReference; fileEncoding = 4; lastKnownFileType = sourcecode.c.objc; path = Favourite.m; sourceTree = "<group>"; };
		9A3157B01ADC6CCB006FB9D8 /* NSUserDefaults+Codable.h */ = {isa = PBXFileReference; fileEncoding = 4; lastKnownFileType = sourcecode.c.h; path = "NSUserDefaults+Codable.h"; sourceTree = "<group>"; };
		9A3157B11ADC6CCB006FB9D8 /* NSUserDefaults+Codable.m */ = {isa = PBXFileReference; fileEncoding = 4; lastKnownFileType = sourcecode.c.objc; path = "NSUserDefaults+Codable.m"; sourceTree = "<group>"; };
		9A33BECC1ADDBB65005D6440 /* FavouritesInterfaceController.h */ = {isa = PBXFileReference; fileEncoding = 4; lastKnownFileType = sourcecode.c.h; path = FavouritesInterfaceController.h; sourceTree = "<group>"; };
		9A33BECD1ADDBB65005D6440 /* FavouritesInterfaceController.m */ = {isa = PBXFileReference; fileEncoding = 4; lastKnownFileType = sourcecode.c.objc; path = FavouritesInterfaceController.m; sourceTree = "<group>"; };
		9A33BECF1ADDBB77005D6440 /* FavouritesRowController.h */ = {isa = PBXFileReference; fileEncoding = 4; lastKnownFileType = sourcecode.c.h; path = FavouritesRowController.h; sourceTree = "<group>"; };
		9A33BED01ADDBB77005D6440 /* FavouritesRowController.m */ = {isa = PBXFileReference; fileEncoding = 4; lastKnownFileType = sourcecode.c.objc; path = FavouritesRowController.m; sourceTree = "<group>"; };
		9A5AB0E51AD5DC6100F52D75 /* Station.h */ = {isa = PBXFileReference; fileEncoding = 4; lastKnownFileType = sourcecode.c.h; path = Station.h; sourceTree = "<group>"; };
		9A5AB0E61AD5DC6100F52D75 /* Station.m */ = {isa = PBXFileReference; fileEncoding = 4; lastKnownFileType = sourcecode.c.objc; path = Station.m; sourceTree = "<group>"; };
		9A984EFF1ADEFC040038D36A /* Base */ = {isa = PBXFileReference; lastKnownFileType = text.plist.strings; name = Base; path = Base.lproj/Localizable.strings; sourceTree = "<group>"; };
		9A984F011ADEFC050038D36A /* en */ = {isa = PBXFileReference; lastKnownFileType = text.plist.strings; name = en; path = en.lproj/Localizable.strings; sourceTree = "<group>"; };
		9A984F021ADEFC060038D36A /* de */ = {isa = PBXFileReference; lastKnownFileType = text.plist.strings; name = de; path = de.lproj/Localizable.strings; sourceTree = "<group>"; };
		9A984F091ADF13530038D36A /* de */ = {isa = PBXFileReference; lastKnownFileType = text.plist.strings; name = de; path = de.lproj/Interface.strings; sourceTree = "<group>"; };
		9AACF7321ADAD76B00EEAB18 /* AppleWatchSBB WatchKit Extension.appex */ = {isa = PBXFileReference; explicitFileType = "wrapper.app-extension"; includeInIndex = 0; path = "AppleWatchSBB WatchKit Extension.appex"; sourceTree = BUILT_PRODUCTS_DIR; };
		9AACF73D1ADAD76B00EEAB18 /* AppleWatchSBB WatchKit App.app */ = {isa = PBXFileReference; explicitFileType = wrapper.application; includeInIndex = 0; path = "AppleWatchSBB WatchKit App.app"; sourceTree = BUILT_PRODUCTS_DIR; };
		9AACF7431ADAD76C00EEAB18 /* Info.plist */ = {isa = PBXFileReference; lastKnownFileType = text.plist.xml; path = Info.plist; sourceTree = "<group>"; };
		9AACF7471ADAD76C00EEAB18 /* Images.xcassets */ = {isa = PBXFileReference; lastKnownFileType = folder.assetcatalog; path = Images.xcassets; sourceTree = "<group>"; };
		9AACF7751ADAD7E400EEAB18 /* ConnectionDetailInterfaceController.h */ = {isa = PBXFileReference; fileEncoding = 4; lastKnownFileType = sourcecode.c.h; path = ConnectionDetailInterfaceController.h; sourceTree = "<group>"; };
		9AACF7761ADAD7E400EEAB18 /* ConnectionDetailInterfaceController.m */ = {isa = PBXFileReference; fileEncoding = 4; lastKnownFileType = sourcecode.c.objc; path = ConnectionDetailInterfaceController.m; sourceTree = "<group>"; };
		9AACF7771ADAD7E400EEAB18 /* ConnectionDetailRowController.h */ = {isa = PBXFileReference; fileEncoding = 4; lastKnownFileType = sourcecode.c.h; path = ConnectionDetailRowController.h; sourceTree = "<group>"; };
		9AACF7781ADAD7E400EEAB18 /* ConnectionDetailRowController.m */ = {isa = PBXFileReference; fileEncoding = 4; lastKnownFileType = sourcecode.c.objc; path = ConnectionDetailRowController.m; sourceTree = "<group>"; };
		9AACF77A1ADAD7E400EEAB18 /* ConnectionsInterfaceController.h */ = {isa = PBXFileReference; fileEncoding = 4; lastKnownFileType = sourcecode.c.h; path = ConnectionsInterfaceController.h; sourceTree = "<group>"; };
		9AACF77B1ADAD7E400EEAB18 /* ConnectionsInterfaceController.m */ = {isa = PBXFileReference; fileEncoding = 4; lastKnownFileType = sourcecode.c.objc; path = ConnectionsInterfaceController.m; sourceTree = "<group>"; };
		9AACF77C1ADAD7E400EEAB18 /* ConnectionsRowController.h */ = {isa = PBXFileReference; fileEncoding = 4; lastKnownFileType = sourcecode.c.h; path = ConnectionsRowController.h; sourceTree = "<group>"; };
		9AACF77D1ADAD7E400EEAB18 /* ConnectionsRowController.m */ = {isa = PBXFileReference; fileEncoding = 4; lastKnownFileType = sourcecode.c.objc; path = ConnectionsRowController.m; sourceTree = "<group>"; };
		9AACF77F1ADAD7E400EEAB18 /* DeparturesInterfaceController.h */ = {isa = PBXFileReference; fileEncoding = 4; lastKnownFileType = sourcecode.c.h; path = DeparturesInterfaceController.h; sourceTree = "<group>"; };
		9AACF7801ADAD7E400EEAB18 /* DeparturesInterfaceController.m */ = {isa = PBXFileReference; fileEncoding = 4; lastKnownFileType = sourcecode.c.objc; path = DeparturesInterfaceController.m; sourceTree = "<group>"; };
		9AACF7811ADAD7E400EEAB18 /* DeparturesRowController.h */ = {isa = PBXFileReference; fileEncoding = 4; lastKnownFileType = sourcecode.c.h; path = DeparturesRowController.h; sourceTree = "<group>"; };
		9AACF7821ADAD7E400EEAB18 /* DeparturesRowController.m */ = {isa = PBXFileReference; fileEncoding = 4; lastKnownFileType = sourcecode.c.objc; path = DeparturesRowController.m; sourceTree = "<group>"; };
		9AACF7841ADAD7E400EEAB18 /* IconHelper.h */ = {isa = PBXFileReference; fileEncoding = 4; lastKnownFileType = sourcecode.c.h; path = IconHelper.h; sourceTree = "<group>"; };
		9AACF7851ADAD7E400EEAB18 /* IconHelper.m */ = {isa = PBXFileReference; fileEncoding = 4; lastKnownFileType = sourcecode.c.objc; path = IconHelper.m; sourceTree = "<group>"; };
		9AACF7871ADAD7E400EEAB18 /* MainInterfaceController.h */ = {isa = PBXFileReference; fileEncoding = 4; lastKnownFileType = sourcecode.c.h; path = MainInterfaceController.h; sourceTree = "<group>"; };
		9AACF7881ADAD7E400EEAB18 /* MainInterfaceController.m */ = {isa = PBXFileReference; fileEncoding = 4; lastKnownFileType = sourcecode.c.objc; path = MainInterfaceController.m; sourceTree = "<group>"; };
		9AACF78A1ADAD7E400EEAB18 /* MapInterfaceController.h */ = {isa = PBXFileReference; fileEncoding = 4; lastKnownFileType = sourcecode.c.h; path = MapInterfaceController.h; sourceTree = "<group>"; };
		9AACF78B1ADAD7E400EEAB18 /* MapInterfaceController.m */ = {isa = PBXFileReference; fileEncoding = 4; lastKnownFileType = sourcecode.c.objc; path = MapInterfaceController.m; sourceTree = "<group>"; };
		9AACF78D1ADAD7E400EEAB18 /* StationsInterfaceController.h */ = {isa = PBXFileReference; fileEncoding = 4; lastKnownFileType = sourcecode.c.h; path = StationsInterfaceController.h; sourceTree = "<group>"; };
		9AACF78E1ADAD7E400EEAB18 /* StationsInterfaceController.m */ = {isa = PBXFileReference; fileEncoding = 4; lastKnownFileType = sourcecode.c.objc; path = StationsInterfaceController.m; sourceTree = "<group>"; };
		9AACF78F1ADAD7E400EEAB18 /* StationsRowController.h */ = {isa = PBXFileReference; fileEncoding = 4; lastKnownFileType = sourcecode.c.h; path = StationsRowController.h; sourceTree = "<group>"; };
		9AACF7901ADAD7E400EEAB18 /* StationsRowController.m */ = {isa = PBXFileReference; fileEncoding = 4; lastKnownFileType = sourcecode.c.objc; path = StationsRowController.m; sourceTree = "<group>"; };
		9AACF7921ADAD7E400EEAB18 /* StopsInterfaceController.h */ = {isa = PBXFileReference; fileEncoding = 4; lastKnownFileType = sourcecode.c.h; path = StopsInterfaceController.h; sourceTree = "<group>"; };
		9AACF7931ADAD7E400EEAB18 /* StopsInterfaceController.m */ = {isa = PBXFileReference; fileEncoding = 4; lastKnownFileType = sourcecode.c.objc; path = StopsInterfaceController.m; sourceTree = "<group>"; };
		9AACF7941ADAD7E400EEAB18 /* StopsRowController.h */ = {isa = PBXFileReference; fileEncoding = 4; lastKnownFileType = sourcecode.c.h; path = StopsRowController.h; sourceTree = "<group>"; };
		9AACF7951ADAD7E400EEAB18 /* StopsRowController.m */ = {isa = PBXFileReference; fileEncoding = 4; lastKnownFileType = sourcecode.c.objc; path = StopsRowController.m; sourceTree = "<group>"; };
		9AACF7A31ADAD7F100EEAB18 /* Images.xcassets */ = {isa = PBXFileReference; lastKnownFileType = folder.assetcatalog; path = Images.xcassets; sourceTree = "<group>"; };
		9AC1AC6E1ADA89DB004B84EF /* AppleWatchSBB.entitlements */ = {isa = PBXFileReference; lastKnownFileType = text.xml; path = AppleWatchSBB.entitlements; sourceTree = "<group>"; };
		A92B56B601965C74DDC66BB8 /* Pods.release.xcconfig */ = {isa = PBXFileReference; includeInIndex = 1; lastKnownFileType = text.xcconfig; name = Pods.release.xcconfig; path = "Pods/Target Support Files/Pods/Pods.release.xcconfig"; sourceTree = "<group>"; };
		DFF5C617F75E0FF7A7F97C31 /* libPods.a */ = {isa = PBXFileReference; explicitFileType = archive.ar; includeInIndex = 0; path = libPods.a; sourceTree = BUILT_PRODUCTS_DIR; };
/* End PBXFileReference section */

/* Begin PBXFrameworksBuildPhase section */
		9A20AA6A1A55E97B00BB4DEC /* Frameworks */ = {
			isa = PBXFrameworksBuildPhase;
			buildActionMask = 2147483647;
			files = (
				ACDEB86B46CD1F39E1CB0F81 /* libPods.a in Frameworks */,
			);
			runOnlyForDeploymentPostprocessing = 0;
		};
		9AACF72F1ADAD76B00EEAB18 /* Frameworks */ = {
			isa = PBXFrameworksBuildPhase;
			buildActionMask = 2147483647;
			files = (
			);
			runOnlyForDeploymentPostprocessing = 0;
		};
/* End PBXFrameworksBuildPhase section */

/* Begin PBXGroup section */
		8A218E1DD208E0426477AE7E /* Frameworks */ = {
			isa = PBXGroup;
			children = (
				DFF5C617F75E0FF7A7F97C31 /* libPods.a */,
			);
			name = Frameworks;
			sourceTree = "<group>";
		};
		9A05A69D1AD5BAB400EE2651 /* Controller */ = {
			isa = PBXGroup;
			children = (
				9A05A69F1AD5BAFA00EE2651 /* MainViewController.h */,
				9A05A6A01AD5BAFA00EE2651 /* MainViewController.m */,
				9A3157A71ADAF7D9006FB9D8 /* MainNavigationController.h */,
				9A3157A81ADAF7D9006FB9D8 /* MainNavigationController.m */,
				9A3157AA1ADB14E6006FB9D8 /* FavouriteViewController.h */,
				9A3157AB1ADB14E6006FB9D8 /* FavouriteViewController.m */,
			);
			path = Controller;
			sourceTree = "<group>";
		};
		9A05A69E1AD5BAB400EE2651 /* Libs */ = {
			isa = PBXGroup;
			children = (
				9A05A6A31AD5BC2200EE2651 /* AutocompleteTextfield */,
			);
			path = Libs;
			sourceTree = "<group>";
		};
		9A05A6A31AD5BC2200EE2651 /* AutocompleteTextfield */ = {
			isa = PBXGroup;
			children = (
				9A05A6A41AD5BC2200EE2651 /* AutocompleteTextfield.swift */,
			);
			path = AutocompleteTextfield;
			sourceTree = "<group>";
		};
		9A20AA641A55E97B00BB4DEC = {
			isa = PBXGroup;
			children = (
				9A20AA6F1A55E97B00BB4DEC /* AppleWatchSBB */,
				9AACF7331ADAD76B00EEAB18 /* AppleWatchSBB WatchKit Extension */,
				9AACF7411ADAD76C00EEAB18 /* AppleWatchSBB WatchKit App */,
				9A20AA6E1A55E97B00BB4DEC /* Products */,
				D0055462371EF07AE2157A0F /* Pods */,
				8A218E1DD208E0426477AE7E /* Frameworks */,
			);
			sourceTree = "<group>";
		};
		9A20AA6E1A55E97B00BB4DEC /* Products */ = {
			isa = PBXGroup;
			children = (
				9A20AA6D1A55E97B00BB4DEC /* AppleWatchSBB.app */,
				9AACF7321ADAD76B00EEAB18 /* AppleWatchSBB WatchKit Extension.appex */,
				9AACF73D1ADAD76B00EEAB18 /* AppleWatchSBB WatchKit App.app */,
			);
			name = Products;
			sourceTree = "<group>";
		};
		9A20AA6F1A55E97B00BB4DEC /* AppleWatchSBB */ = {
			isa = PBXGroup;
			children = (
				9AC1AC6E1ADA89DB004B84EF /* AppleWatchSBB.entitlements */,
				9A05A69D1AD5BAB400EE2651 /* Controller */,
				9A05A69E1AD5BAB400EE2651 /* Libs */,
				9A5AB0E41AD5DC6100F52D75 /* Model */,
				9A20AA741A55E97B00BB4DEC /* AppDelegate.h */,
				9A20AA751A55E97B00BB4DEC /* AppDelegate.m */,
				9A3157B01ADC6CCB006FB9D8 /* NSUserDefaults+Codable.h */,
				9A3157B11ADC6CCB006FB9D8 /* NSUserDefaults+Codable.m */,
				9A20AA7D1A55E97B00BB4DEC /* Images.xcassets */,
				9A20AA7F1A55E97B00BB4DEC /* LaunchScreen.xib */,
				9A20AA701A55E97B00BB4DEC /* Supporting Files */,
				9A984F001ADEFC040038D36A /* Localizable.strings */,
			);
			path = AppleWatchSBB;
			sourceTree = "<group>";
		};
		9A20AA701A55E97B00BB4DEC /* Supporting Files */ = {
			isa = PBXGroup;
			children = (
				9A20AA711A55E97B00BB4DEC /* Info.plist */,
				9A20AA721A55E97B00BB4DEC /* main.m */,
				9A05A6A21AD5BB2500EE2651 /* AppleWatchSBB-Prefix.pch */,
				9A05A6A61AD5BDEE00EE2651 /* SwiftBridging.h */,
			);
			name = "Supporting Files";
			sourceTree = "<group>";
		};
		9A33BECB1ADDBB54005D6440 /* Favourites */ = {
			isa = PBXGroup;
			children = (
				9A33BECC1ADDBB65005D6440 /* FavouritesInterfaceController.h */,
				9A33BECD1ADDBB65005D6440 /* FavouritesInterfaceController.m */,
				9A33BECF1ADDBB77005D6440 /* FavouritesRowController.h */,
				9A33BED01ADDBB77005D6440 /* FavouritesRowController.m */,
			);
			path = Favourites;
			sourceTree = "<group>";
		};
		9A5AB0E41AD5DC6100F52D75 /* Model */ = {
			isa = PBXGroup;
			children = (
				9A5AB0E51AD5DC6100F52D75 /* Station.h */,
				9A5AB0E61AD5DC6100F52D75 /* Station.m */,
				9A3157AD1ADB1E0A006FB9D8 /* Favourite.h */,
				9A3157AE1ADB1E0A006FB9D8 /* Favourite.m */,
			);
			path = Model;
			sourceTree = "<group>";
		};
		9AACF7331ADAD76B00EEAB18 /* AppleWatchSBB WatchKit Extension */ = {
			isa = PBXGroup;
			children = (
				9A3157A61ADADA45006FB9D8 /* AppleWatchSBB WatchKit Extension.entitlements */,
				9AACF7741ADAD7E400EEAB18 /* ConnectionDetail */,
				9AACF7791ADAD7E400EEAB18 /* Connections */,
				9AACF77E1ADAD7E400EEAB18 /* Departures */,
				9A33BECB1ADDBB54005D6440 /* Favourites */,
				9AACF7831ADAD7E400EEAB18 /* Helper */,
				9AACF7861ADAD7E400EEAB18 /* Main */,
				9AACF7891ADAD7E400EEAB18 /* Map */,
				9AACF78C1ADAD7E400EEAB18 /* Stations */,
				9AACF7911ADAD7E400EEAB18 /* Stops */,
				9AACF7A31ADAD7F100EEAB18 /* Images.xcassets */,
				9AACF7341ADAD76B00EEAB18 /* Supporting Files */,
			);
			path = "AppleWatchSBB WatchKit Extension";
			sourceTree = "<group>";
		};
		9AACF7341ADAD76B00EEAB18 /* Supporting Files */ = {
			isa = PBXGroup;
			children = (
				9A02961C1ADAD82900C89BC9 /* Info.plist */,
			);
			name = "Supporting Files";
			sourceTree = "<group>";
		};
		9AACF7411ADAD76C00EEAB18 /* AppleWatchSBB WatchKit App */ = {
			isa = PBXGroup;
			children = (
				9A3157A31ADAD9B2006FB9D8 /* Interface.storyboard */,
				9AACF7471ADAD76C00EEAB18 /* Images.xcassets */,
				9AACF7421ADAD76C00EEAB18 /* Supporting Files */,
			);
			path = "AppleWatchSBB WatchKit App";
			sourceTree = "<group>";
		};
		9AACF7421ADAD76C00EEAB18 /* Supporting Files */ = {
			isa = PBXGroup;
			children = (
				9AACF7431ADAD76C00EEAB18 /* Info.plist */,
			);
			name = "Supporting Files";
			sourceTree = "<group>";
		};
		9AACF7741ADAD7E400EEAB18 /* ConnectionDetail */ = {
			isa = PBXGroup;
			children = (
				9AACF7751ADAD7E400EEAB18 /* ConnectionDetailInterfaceController.h */,
				9AACF7761ADAD7E400EEAB18 /* ConnectionDetailInterfaceController.m */,
				9AACF7771ADAD7E400EEAB18 /* ConnectionDetailRowController.h */,
				9AACF7781ADAD7E400EEAB18 /* ConnectionDetailRowController.m */,
			);
			path = ConnectionDetail;
			sourceTree = "<group>";
		};
		9AACF7791ADAD7E400EEAB18 /* Connections */ = {
			isa = PBXGroup;
			children = (
				9AACF77A1ADAD7E400EEAB18 /* ConnectionsInterfaceController.h */,
				9AACF77B1ADAD7E400EEAB18 /* ConnectionsInterfaceController.m */,
				9AACF77C1ADAD7E400EEAB18 /* ConnectionsRowController.h */,
				9AACF77D1ADAD7E400EEAB18 /* ConnectionsRowController.m */,
			);
			path = Connections;
			sourceTree = "<group>";
		};
		9AACF77E1ADAD7E400EEAB18 /* Departures */ = {
			isa = PBXGroup;
			children = (
				9AACF77F1ADAD7E400EEAB18 /* DeparturesInterfaceController.h */,
				9AACF7801ADAD7E400EEAB18 /* DeparturesInterfaceController.m */,
				9AACF7811ADAD7E400EEAB18 /* DeparturesRowController.h */,
				9AACF7821ADAD7E400EEAB18 /* DeparturesRowController.m */,
			);
			path = Departures;
			sourceTree = "<group>";
		};
		9AACF7831ADAD7E400EEAB18 /* Helper */ = {
			isa = PBXGroup;
			children = (
				9AACF7841ADAD7E400EEAB18 /* IconHelper.h */,
				9AACF7851ADAD7E400EEAB18 /* IconHelper.m */,
			);
			path = Helper;
			sourceTree = "<group>";
		};
		9AACF7861ADAD7E400EEAB18 /* Main */ = {
			isa = PBXGroup;
			children = (
				9AACF7871ADAD7E400EEAB18 /* MainInterfaceController.h */,
				9AACF7881ADAD7E400EEAB18 /* MainInterfaceController.m */,
			);
			path = Main;
			sourceTree = "<group>";
		};
		9AACF7891ADAD7E400EEAB18 /* Map */ = {
			isa = PBXGroup;
			children = (
				9AACF78A1ADAD7E400EEAB18 /* MapInterfaceController.h */,
				9AACF78B1ADAD7E400EEAB18 /* MapInterfaceController.m */,
			);
			path = Map;
			sourceTree = "<group>";
		};
		9AACF78C1ADAD7E400EEAB18 /* Stations */ = {
			isa = PBXGroup;
			children = (
				9AACF78D1ADAD7E400EEAB18 /* StationsInterfaceController.h */,
				9AACF78E1ADAD7E400EEAB18 /* StationsInterfaceController.m */,
				9AACF78F1ADAD7E400EEAB18 /* StationsRowController.h */,
				9AACF7901ADAD7E400EEAB18 /* StationsRowController.m */,
			);
			path = Stations;
			sourceTree = "<group>";
		};
		9AACF7911ADAD7E400EEAB18 /* Stops */ = {
			isa = PBXGroup;
			children = (
				9AACF7921ADAD7E400EEAB18 /* StopsInterfaceController.h */,
				9AACF7931ADAD7E400EEAB18 /* StopsInterfaceController.m */,
				9AACF7941ADAD7E400EEAB18 /* StopsRowController.h */,
				9AACF7951ADAD7E400EEAB18 /* StopsRowController.m */,
			);
			path = Stops;
			sourceTree = "<group>";
		};
		D0055462371EF07AE2157A0F /* Pods */ = {
			isa = PBXGroup;
			children = (
				4FEDAD7306539F28AF6C9DC3 /* Pods.debug.xcconfig */,
				A92B56B601965C74DDC66BB8 /* Pods.release.xcconfig */,
			);
			name = Pods;
			sourceTree = "<group>";
		};
/* End PBXGroup section */

/* Begin PBXNativeTarget section */
		9A20AA6C1A55E97B00BB4DEC /* AppleWatchSBB */ = {
			isa = PBXNativeTarget;
			buildConfigurationList = 9A20AA901A55E97C00BB4DEC /* Build configuration list for PBXNativeTarget "AppleWatchSBB" */;
			buildPhases = (
				9965F0E7DF1CEC1B21F8F8E8 /* Check Pods Manifest.lock */,
				9A20AA691A55E97B00BB4DEC /* Sources */,
				9A20AA6A1A55E97B00BB4DEC /* Frameworks */,
				9A20AA6B1A55E97B00BB4DEC /* Resources */,
				9AB381E31A55ED4E00AB8AD0 /* Embed App Extensions */,
				03FA60EED41BE090C6DF4218 /* Copy Pods Resources */,
			);
			buildRules = (
			);
			dependencies = (
				9AACF74A1ADAD76C00EEAB18 /* PBXTargetDependency */,
			);
			name = AppleWatchSBB;
			productName = AppleWatchSBB;
			productReference = 9A20AA6D1A55E97B00BB4DEC /* AppleWatchSBB.app */;
			productType = "com.apple.product-type.application";
		};
		9AACF7311ADAD76B00EEAB18 /* AppleWatchSBB WatchKit Extension */ = {
			isa = PBXNativeTarget;
			buildConfigurationList = 9AACF74F1ADAD76C00EEAB18 /* Build configuration list for PBXNativeTarget "AppleWatchSBB WatchKit Extension" */;
			buildPhases = (
				9AACF72E1ADAD76B00EEAB18 /* Sources */,
				9AACF72F1ADAD76B00EEAB18 /* Frameworks */,
				9AACF7301ADAD76B00EEAB18 /* Resources */,
			);
			buildRules = (
			);
			dependencies = (
				9AACF7401ADAD76C00EEAB18 /* PBXTargetDependency */,
			);
			name = "AppleWatchSBB WatchKit Extension";
			productName = "AppleWatchSBB WatchKit Extension";
			productReference = 9AACF7321ADAD76B00EEAB18 /* AppleWatchSBB WatchKit Extension.appex */;
			productType = "com.apple.product-type.watchkit-extension";
		};
		9AACF73C1ADAD76B00EEAB18 /* AppleWatchSBB WatchKit App */ = {
			isa = PBXNativeTarget;
			buildConfigurationList = 9AACF74C1ADAD76C00EEAB18 /* Build configuration list for PBXNativeTarget "AppleWatchSBB WatchKit App" */;
			buildPhases = (
				9AACF73B1ADAD76B00EEAB18 /* Resources */,
			);
			buildRules = (
			);
			dependencies = (
			);
			name = "AppleWatchSBB WatchKit App";
			productName = "AppleWatchSBB WatchKit App";
			productReference = 9AACF73D1ADAD76B00EEAB18 /* AppleWatchSBB WatchKit App.app */;
			productType = "com.apple.product-type.application.watchapp";
		};
/* End PBXNativeTarget section */

/* Begin PBXProject section */
		9A20AA651A55E97B00BB4DEC /* Project object */ = {
			isa = PBXProject;
			attributes = {
				LastUpgradeCheck = 0610;
				ORGANIZATIONNAME = "Dylan Marriott";
				TargetAttributes = {
					9A20AA6C1A55E97B00BB4DEC = {
						CreatedOnToolsVersion = 6.1.1;
						DevelopmentTeam = 5EFBK52YD3;
						SystemCapabilities = {
							com.apple.ApplicationGroups.iOS = {
								enabled = 1;
							};
						};
					};
					9AACF7311ADAD76B00EEAB18 = {
						CreatedOnToolsVersion = 6.3;
						DevelopmentTeam = 5EFBK52YD3;
						SystemCapabilities = {
							com.apple.ApplicationGroups.iOS = {
								enabled = 1;
							};
						};
					};
					9AACF73C1ADAD76B00EEAB18 = {
						CreatedOnToolsVersion = 6.3;
						DevelopmentTeam = 5EFBK52YD3;
					};
				};
			};
			buildConfigurationList = 9A20AA681A55E97B00BB4DEC /* Build configuration list for PBXProject "AppleWatchSBB" */;
			compatibilityVersion = "Xcode 3.2";
			developmentRegion = English;
			hasScannedForEncodings = 0;
			knownRegions = (
				en,
				Base,
				de,
			);
			mainGroup = 9A20AA641A55E97B00BB4DEC;
			productRefGroup = 9A20AA6E1A55E97B00BB4DEC /* Products */;
			projectDirPath = "";
			projectRoot = "";
			targets = (
				9A20AA6C1A55E97B00BB4DEC /* AppleWatchSBB */,
				9AACF7311ADAD76B00EEAB18 /* AppleWatchSBB WatchKit Extension */,
				9AACF73C1ADAD76B00EEAB18 /* AppleWatchSBB WatchKit App */,
			);
		};
/* End PBXProject section */

/* Begin PBXResourcesBuildPhase section */
		9A20AA6B1A55E97B00BB4DEC /* Resources */ = {
			isa = PBXResourcesBuildPhase;
			buildActionMask = 2147483647;
			files = (
				9A20AA811A55E97B00BB4DEC /* LaunchScreen.xib in Resources */,
				9A984EFC1ADEFC040038D36A /* Localizable.strings in Resources */,
				9A20AA7E1A55E97B00BB4DEC /* Images.xcassets in Resources */,
			);
			runOnlyForDeploymentPostprocessing = 0;
		};
		9AACF7301ADAD76B00EEAB18 /* Resources */ = {
			isa = PBXResourcesBuildPhase;
			buildActionMask = 2147483647;
			files = (
				9AACF73E1ADAD76C00EEAB18 /* AppleWatchSBB WatchKit App.app in Resources */,
				9A984EFD1ADEFC040038D36A /* Localizable.strings in Resources */,
				9AACF7A41ADAD7F100EEAB18 /* Images.xcassets in Resources */,
			);
			runOnlyForDeploymentPostprocessing = 0;
		};
		9AACF73B1ADAD76B00EEAB18 /* Resources */ = {
			isa = PBXResourcesBuildPhase;
			buildActionMask = 2147483647;
			files = (
				9A3157A51ADAD9B2006FB9D8 /* Interface.storyboard in Resources */,
				9A984EFE1ADEFC040038D36A /* Localizable.strings in Resources */,
				9AACF7481ADAD76C00EEAB18 /* Images.xcassets in Resources */,
			);
			runOnlyForDeploymentPostprocessing = 0;
		};
/* End PBXResourcesBuildPhase section */

/* Begin PBXShellScriptBuildPhase section */
		03FA60EED41BE090C6DF4218 /* Copy Pods Resources */ = {
			isa = PBXShellScriptBuildPhase;
			buildActionMask = 2147483647;
			files = (
			);
			inputPaths = (
			);
			name = "Copy Pods Resources";
			outputPaths = (
			);
			runOnlyForDeploymentPostprocessing = 0;
			shellPath = /bin/sh;
			shellScript = "\"${SRCROOT}/Pods/Target Support Files/Pods/Pods-resources.sh\"\n";
			showEnvVarsInLog = 0;
		};
		9965F0E7DF1CEC1B21F8F8E8 /* Check Pods Manifest.lock */ = {
			isa = PBXShellScriptBuildPhase;
			buildActionMask = 2147483647;
			files = (
			);
			inputPaths = (
			);
			name = "Check Pods Manifest.lock";
			outputPaths = (
			);
			runOnlyForDeploymentPostprocessing = 0;
			shellPath = /bin/sh;
			shellScript = "diff \"${PODS_ROOT}/../Podfile.lock\" \"${PODS_ROOT}/Manifest.lock\" > /dev/null\nif [[ $? != 0 ]] ; then\n    cat << EOM\nerror: The sandbox is not in sync with the Podfile.lock. Run 'pod install' or update your CocoaPods installation.\nEOM\n    exit 1\nfi\n";
			showEnvVarsInLog = 0;
		};
/* End PBXShellScriptBuildPhase section */

/* Begin PBXSourcesBuildPhase section */
		9A20AA691A55E97B00BB4DEC /* Sources */ = {
			isa = PBXSourcesBuildPhase;
			buildActionMask = 2147483647;
			files = (
				9A20AA761A55E97B00BB4DEC /* AppDelegate.m in Sources */,
				9A5AB0E71AD5DC6100F52D75 /* Station.m in Sources */,
				9A3157A91ADAF7D9006FB9D8 /* MainNavigationController.m in Sources */,
				9A3157AF1ADB1E0A006FB9D8 /* Favourite.m in Sources */,
				9A05A6A51AD5BC2200EE2651 /* AutocompleteTextfield.swift in Sources */,
				9A3157B21ADC6CCB006FB9D8 /* NSUserDefaults+Codable.m in Sources */,
				9A3157AC1ADB14E6006FB9D8 /* FavouriteViewController.m in Sources */,
				9A05A6A11AD5BAFA00EE2651 /* MainViewController.m in Sources */,
				9A20AA731A55E97B00BB4DEC /* main.m in Sources */,
			);
			runOnlyForDeploymentPostprocessing = 0;
		};
		9AACF72E1ADAD76B00EEAB18 /* Sources */ = {
			isa = PBXSourcesBuildPhase;
			buildActionMask = 2147483647;
			files = (
				9A33BED21ADDBEE3005D6440 /* NSUserDefaults+Codable.m in Sources */,
				9AACF79E1ADAD7E400EEAB18 /* MapInterfaceController.m in Sources */,
				9AACF79C1ADAD7E400EEAB18 /* IconHelper.m in Sources */,
				9AACF7961ADAD7E400EEAB18 /* ConnectionDetailInterfaceController.m in Sources */,
				9AACF79F1ADAD7E400EEAB18 /* StationsInterfaceController.m in Sources */,
				9A33BED11ADDBB77005D6440 /* FavouritesRowController.m in Sources */,
				9AACF7A21ADAD7E400EEAB18 /* StopsRowController.m in Sources */,
				9A33BED41ADDBEE9005D6440 /* Favourite.m in Sources */,
				9A33BECE1ADDBB65005D6440 /* FavouritesInterfaceController.m in Sources */,
				9AACF7971ADAD7E400EEAB18 /* ConnectionDetailRowController.m in Sources */,
				9A33BED31ADDBEE7005D6440 /* Station.m in Sources */,
				9AACF7991ADAD7E400EEAB18 /* ConnectionsRowController.m in Sources */,
				9AACF79B1ADAD7E400EEAB18 /* DeparturesRowController.m in Sources */,
				9AACF7A01ADAD7E400EEAB18 /* StationsRowController.m in Sources */,
				9AACF7A11ADAD7E400EEAB18 /* StopsInterfaceController.m in Sources */,
				9AACF7981ADAD7E400EEAB18 /* ConnectionsInterfaceController.m in Sources */,
				9AACF79A1ADAD7E400EEAB18 /* DeparturesInterfaceController.m in Sources */,
				9AACF79D1ADAD7E400EEAB18 /* MainInterfaceController.m in Sources */,
			);
			runOnlyForDeploymentPostprocessing = 0;
		};
/* End PBXSourcesBuildPhase section */

/* Begin PBXTargetDependency section */
		9AACF7401ADAD76C00EEAB18 /* PBXTargetDependency */ = {
			isa = PBXTargetDependency;
			target = 9AACF73C1ADAD76B00EEAB18 /* AppleWatchSBB WatchKit App */;
			targetProxy = 9AACF73F1ADAD76C00EEAB18 /* PBXContainerItemProxy */;
		};
		9AACF74A1ADAD76C00EEAB18 /* PBXTargetDependency */ = {
			isa = PBXTargetDependency;
			target = 9AACF7311ADAD76B00EEAB18 /* AppleWatchSBB WatchKit Extension */;
			targetProxy = 9AACF7491ADAD76C00EEAB18 /* PBXContainerItemProxy */;
		};
/* End PBXTargetDependency section */

/* Begin PBXVariantGroup section */
		9A20AA7F1A55E97B00BB4DEC /* LaunchScreen.xib */ = {
			isa = PBXVariantGroup;
			children = (
				9A20AA801A55E97B00BB4DEC /* Base */,
			);
			name = LaunchScreen.xib;
			sourceTree = "<group>";
		};
		9A3157A31ADAD9B2006FB9D8 /* Interface.storyboard */ = {
			isa = PBXVariantGroup;
			children = (
				9A3157A41ADAD9B2006FB9D8 /* Base */,
				9A984F091ADF13530038D36A /* de */,
			);
			name = Interface.storyboard;
			sourceTree = "<group>";
		};
		9A984F001ADEFC040038D36A /* Localizable.strings */ = {
			isa = PBXVariantGroup;
			children = (
				9A984EFF1ADEFC040038D36A /* Base */,
				9A984F011ADEFC050038D36A /* en */,
				9A984F021ADEFC060038D36A /* de */,
			);
			name = Localizable.strings;
			sourceTree = "<group>";
		};
/* End PBXVariantGroup section */

/* Begin XCBuildConfiguration section */
		9A20AA8E1A55E97C00BB4DEC /* Debug */ = {
			isa = XCBuildConfiguration;
			buildSettings = {
				ALWAYS_SEARCH_USER_PATHS = NO;
				CLANG_CXX_LANGUAGE_STANDARD = "gnu++0x";
				CLANG_CXX_LIBRARY = "libc++";
				CLANG_ENABLE_MODULES = YES;
				CLANG_ENABLE_OBJC_ARC = YES;
				CLANG_WARN_BOOL_CONVERSION = YES;
				CLANG_WARN_CONSTANT_CONVERSION = YES;
				CLANG_WARN_DIRECT_OBJC_ISA_USAGE = YES_ERROR;
				CLANG_WARN_EMPTY_BODY = YES;
				CLANG_WARN_ENUM_CONVERSION = YES;
				CLANG_WARN_INT_CONVERSION = YES;
				CLANG_WARN_OBJC_ROOT_CLASS = YES_ERROR;
				CLANG_WARN_UNREACHABLE_CODE = YES;
				CLANG_WARN__DUPLICATE_METHOD_MATCH = YES;
				"CODE_SIGN_IDENTITY[sdk=iphoneos*]" = "iPhone Developer";
				COPY_PHASE_STRIP = NO;
				DEFINES_MODULE = YES;
				EMBEDDED_CONTENT_CONTAINS_SWIFT = YES;
				ENABLE_STRICT_OBJC_MSGSEND = YES;
				GCC_C_LANGUAGE_STANDARD = gnu99;
				GCC_DYNAMIC_NO_PIC = NO;
				GCC_OPTIMIZATION_LEVEL = 0;
				GCC_PREFIX_HEADER = "AppleWatchSBB/AppleWatchSBB-Prefix.pch";
				GCC_PREPROCESSOR_DEFINITIONS = (
					"DEBUG=1",
					"$(inherited)",
				);
				GCC_SYMBOLS_PRIVATE_EXTERN = NO;
				GCC_WARN_64_TO_32_BIT_CONVERSION = YES;
				GCC_WARN_ABOUT_RETURN_TYPE = YES_ERROR;
				GCC_WARN_UNDECLARED_SELECTOR = YES;
				GCC_WARN_UNINITIALIZED_AUTOS = YES_AGGRESSIVE;
				GCC_WARN_UNUSED_FUNCTION = YES;
				GCC_WARN_UNUSED_VARIABLE = YES;
				IPHONEOS_DEPLOYMENT_TARGET = 8.2;
				MTL_ENABLE_DEBUG_INFO = YES;
				ONLY_ACTIVE_ARCH = YES;
				SDKROOT = iphoneos;
				SHARED_PRECOMPS_DIR = "";
				SWIFT_OBJC_BRIDGING_HEADER = AppleWatchSBB/SwiftBridging.h;
			};
			name = Debug;
		};
		9A20AA8F1A55E97C00BB4DEC /* Release */ = {
			isa = XCBuildConfiguration;
			buildSettings = {
				ALWAYS_SEARCH_USER_PATHS = NO;
				CLANG_CXX_LANGUAGE_STANDARD = "gnu++0x";
				CLANG_CXX_LIBRARY = "libc++";
				CLANG_ENABLE_MODULES = YES;
				CLANG_ENABLE_OBJC_ARC = YES;
				CLANG_WARN_BOOL_CONVERSION = YES;
				CLANG_WARN_CONSTANT_CONVERSION = YES;
				CLANG_WARN_DIRECT_OBJC_ISA_USAGE = YES_ERROR;
				CLANG_WARN_EMPTY_BODY = YES;
				CLANG_WARN_ENUM_CONVERSION = YES;
				CLANG_WARN_INT_CONVERSION = YES;
				CLANG_WARN_OBJC_ROOT_CLASS = YES_ERROR;
				CLANG_WARN_UNREACHABLE_CODE = YES;
				CLANG_WARN__DUPLICATE_METHOD_MATCH = YES;
				"CODE_SIGN_IDENTITY[sdk=iphoneos*]" = "iPhone Distribution";
				COPY_PHASE_STRIP = YES;
				DEFINES_MODULE = YES;
				EMBEDDED_CONTENT_CONTAINS_SWIFT = YES;
				ENABLE_NS_ASSERTIONS = NO;
				ENABLE_STRICT_OBJC_MSGSEND = YES;
				GCC_C_LANGUAGE_STANDARD = gnu99;
				GCC_PREFIX_HEADER = "AppleWatchSBB/AppleWatchSBB-Prefix.pch";
				GCC_WARN_64_TO_32_BIT_CONVERSION = YES;
				GCC_WARN_ABOUT_RETURN_TYPE = YES_ERROR;
				GCC_WARN_UNDECLARED_SELECTOR = YES;
				GCC_WARN_UNINITIALIZED_AUTOS = YES_AGGRESSIVE;
				GCC_WARN_UNUSED_FUNCTION = YES;
				GCC_WARN_UNUSED_VARIABLE = YES;
				IPHONEOS_DEPLOYMENT_TARGET = 8.2;
				MTL_ENABLE_DEBUG_INFO = NO;
				SDKROOT = iphoneos;
				SHARED_PRECOMPS_DIR = "";
				SWIFT_OBJC_BRIDGING_HEADER = AppleWatchSBB/SwiftBridging.h;
				VALIDATE_PRODUCT = YES;
			};
			name = Release;
		};
		9A20AA911A55E97C00BB4DEC /* Debug */ = {
			isa = XCBuildConfiguration;
			baseConfigurationReference = 4FEDAD7306539F28AF6C9DC3 /* Pods.debug.xcconfig */;
			buildSettings = {
				ASSETCATALOG_COMPILER_APPICON_NAME = AppIcon;
				CODE_SIGN_ENTITLEMENTS = AppleWatchSBB/AppleWatchSBB.entitlements;
				CODE_SIGN_IDENTITY = "iPhone Developer";
				"CODE_SIGN_IDENTITY[sdk=iphoneos*]" = "iPhone Developer";
				EMBEDDED_CONTENT_CONTAINS_SWIFT = YES;
				INFOPLIST_FILE = AppleWatchSBB/Info.plist;
				IPHONEOS_DEPLOYMENT_TARGET = 8.2;
				LD_RUNPATH_SEARCH_PATHS = "$(inherited) @executable_path/Frameworks";
				PRODUCT_NAME = "$(TARGET_NAME)";
				PROVISIONING_PROFILE = "";
				WRAPPER_EXTENSION = app;
			};
			name = Debug;
		};
		9A20AA921A55E97C00BB4DEC /* Release */ = {
			isa = XCBuildConfiguration;
			baseConfigurationReference = A92B56B601965C74DDC66BB8 /* Pods.release.xcconfig */;
			buildSettings = {
				ASSETCATALOG_COMPILER_APPICON_NAME = AppIcon;
				CODE_SIGN_ENTITLEMENTS = AppleWatchSBB/AppleWatchSBB.entitlements;
				CODE_SIGN_IDENTITY = "iPhone Distribution";
				"CODE_SIGN_IDENTITY[sdk=iphoneos*]" = "iPhone Distribution";
				EMBEDDED_CONTENT_CONTAINS_SWIFT = YES;
				INFOPLIST_FILE = AppleWatchSBB/Info.plist;
				IPHONEOS_DEPLOYMENT_TARGET = 8.2;
				LD_RUNPATH_SEARCH_PATHS = "$(inherited) @executable_path/Frameworks";
				PRODUCT_NAME = "$(TARGET_NAME)";
				PROVISIONING_PROFILE = "";
				WRAPPER_EXTENSION = app;
			};
			name = Release;
		};
		9AACF74D1ADAD76C00EEAB18 /* Debug */ = {
			isa = XCBuildConfiguration;
			buildSettings = {
				ASSETCATALOG_COMPILER_APPICON_NAME = AppIcon;
				CODE_SIGN_IDENTITY = "iPhone Developer";
				"CODE_SIGN_IDENTITY[sdk=iphoneos*]" = "iPhone Developer";
				DEBUG_INFORMATION_FORMAT = "dwarf-with-dsym";
				EMBEDDED_CONTENT_CONTAINS_SWIFT = NO;
				GCC_NO_COMMON_BLOCKS = YES;
				GCC_PREPROCESSOR_DEFINITIONS = (
					"DEBUG=1",
					"$(inherited)",
				);
				IBSC_MODULE = AppleWatchSBB_WatchKit_Extension;
				INFOPLIST_FILE = "AppleWatchSBB WatchKit App/Info.plist";
				IPHONEOS_DEPLOYMENT_TARGET = 8.2;
				PRODUCT_NAME = "$(TARGET_NAME)";
				PROVISIONING_PROFILE = "7290c727-7743-4b40-9b6e-d36d1b6d360d";
				SKIP_INSTALL = YES;
				TARGETED_DEVICE_FAMILY = 4;
				"TARGETED_DEVICE_FAMILY[sdk=iphonesimulator*]" = "1,4";
			};
			name = Debug;
		};
		9AACF74E1ADAD76C00EEAB18 /* Release */ = {
			isa = XCBuildConfiguration;
			buildSettings = {
				ASSETCATALOG_COMPILER_APPICON_NAME = AppIcon;
				CODE_SIGN_IDENTITY = "iPhone Distribution";
				"CODE_SIGN_IDENTITY[sdk=iphoneos*]" = "iPhone Distribution";
				COPY_PHASE_STRIP = NO;
				DEBUG_INFORMATION_FORMAT = "dwarf-with-dsym";
				EMBEDDED_CONTENT_CONTAINS_SWIFT = NO;
				GCC_NO_COMMON_BLOCKS = YES;
				IBSC_MODULE = AppleWatchSBB_WatchKit_Extension;
				INFOPLIST_FILE = "AppleWatchSBB WatchKit App/Info.plist";
				IPHONEOS_DEPLOYMENT_TARGET = 8.2;
				PRODUCT_NAME = "$(TARGET_NAME)";
				PROVISIONING_PROFILE = "9be52873-ed0b-4b7b-8a2b-c790e54f8836";
				SKIP_INSTALL = YES;
				TARGETED_DEVICE_FAMILY = 4;
				"TARGETED_DEVICE_FAMILY[sdk=iphonesimulator*]" = "1,4";
			};
			name = Release;
		};
		9AACF7501ADAD76C00EEAB18 /* Debug */ = {
			isa = XCBuildConfiguration;
			buildSettings = {
				CODE_SIGN_ENTITLEMENTS = "AppleWatchSBB WatchKit Extension/AppleWatchSBB WatchKit Extension.entitlements";
				CODE_SIGN_IDENTITY = "iPhone Developer";
				"CODE_SIGN_IDENTITY[sdk=iphoneos*]" = "iPhone Developer";
				DEBUG_INFORMATION_FORMAT = "dwarf-with-dsym";
				EMBEDDED_CONTENT_CONTAINS_SWIFT = NO;
				GCC_NO_COMMON_BLOCKS = YES;
				GCC_PREPROCESSOR_DEFINITIONS = (
					"DEBUG=1",
					"$(inherited)",
				);
				INFOPLIST_FILE = "AppleWatchSBB WatchKit Extension/Info.plist";
				IPHONEOS_DEPLOYMENT_TARGET = 8.2;
				LD_RUNPATH_SEARCH_PATHS = "$(inherited) @executable_path/Frameworks @executable_path/../../Frameworks";
				PRODUCT_NAME = "${TARGET_NAME}";
				PROVISIONING_PROFILE = "059c5de7-c568-4c91-8776-9e8cc83c1273";
				SKIP_INSTALL = YES;
			};
			name = Debug;
		};
		9AACF7511ADAD76C00EEAB18 /* Release */ = {
			isa = XCBuildConfiguration;
			buildSettings = {
				CODE_SIGN_ENTITLEMENTS = "AppleWatchSBB WatchKit Extension/AppleWatchSBB WatchKit Extension.entitlements";
				CODE_SIGN_IDENTITY = "iPhone Distribution";
				"CODE_SIGN_IDENTITY[sdk=iphoneos*]" = "iPhone Distribution";
				COPY_PHASE_STRIP = NO;
				DEBUG_INFORMATION_FORMAT = "dwarf-with-dsym";
				EMBEDDED_CONTENT_CONTAINS_SWIFT = NO;
				GCC_NO_COMMON_BLOCKS = YES;
				INFOPLIST_FILE = "AppleWatchSBB WatchKit Extension/Info.plist";
				IPHONEOS_DEPLOYMENT_TARGET = 8.2;
				LD_RUNPATH_SEARCH_PATHS = "$(inherited) @executable_path/Frameworks @executable_path/../../Frameworks";
				PRODUCT_NAME = "${TARGET_NAME}";
				PROVISIONING_PROFILE = "ffababd2-5d86-449d-ba1b-ccc17df7b95f";
				SKIP_INSTALL = YES;
			};
			name = Release;
		};
/* End XCBuildConfiguration section */

/* Begin XCConfigurationList section */
		9A20AA681A55E97B00BB4DEC /* Build configuration list for PBXProject "AppleWatchSBB" */ = {
			isa = XCConfigurationList;
			buildConfigurations = (
				9A20AA8E1A55E97C00BB4DEC /* Debug */,
				9A20AA8F1A55E97C00BB4DEC /* Release */,
			);
			defaultConfigurationIsVisible = 0;
			defaultConfigurationName = Release;
		};
		9A20AA901A55E97C00BB4DEC /* Build configuration list for PBXNativeTarget "AppleWatchSBB" */ = {
			isa = XCConfigurationList;
			buildConfigurations = (
				9A20AA911A55E97C00BB4DEC /* Debug */,
				9A20AA921A55E97C00BB4DEC /* Release */,
			);
			defaultConfigurationIsVisible = 0;
			defaultConfigurationName = Release;
		};
		9AACF74C1ADAD76C00EEAB18 /* Build configuration list for PBXNativeTarget "AppleWatchSBB WatchKit App" */ = {
			isa = XCConfigurationList;
			buildConfigurations = (
				9AACF74D1ADAD76C00EEAB18 /* Debug */,
				9AACF74E1ADAD76C00EEAB18 /* Release */,
			);
			defaultConfigurationIsVisible = 0;
			defaultConfigurationName = Release;
		};
		9AACF74F1ADAD76C00EEAB18 /* Build configuration list for PBXNativeTarget "AppleWatchSBB WatchKit Extension" */ = {
			isa = XCConfigurationList;
			buildConfigurations = (
				9AACF7501ADAD76C00EEAB18 /* Debug */,
				9AACF7511ADAD76C00EEAB18 /* Release */,
			);
			defaultConfigurationIsVisible = 0;
			defaultConfigurationName = Release;
		};
/* End XCConfigurationList section */
	};
	rootObject = 9A20AA651A55E97B00BB4DEC /* Project object */;
}
